{
  "version": 4,
  "terraform_version": "1.14.9",
  "serial": 101,
  "lineage": "c0014c7f-8f5e-cf98-0652-1cb43f769ee8",
  "outputs": {},
  "resources": [
    {
      "module": "module.module_ec2_instances",
      "mode": "managed",
      "type": "aws_instance",
      "name": "this",
      "provider": "provider[\"registry.terraform.io/hashicorp/aws\"]",
      "instances": [
        {
          "index_key": "instance_1",
          "schema_version": 2,
          "attributes": {
            "ami": "ami-0c1e21d82fe9c9336",
            "arn": "arn:aws:ec2:us-east-1:654654478122:instance/i-0ce640c8d92aa94a2",
            "associate_public_ip_address": false,
            "availability_zone": "us-east-1a",
            "capacity_reservation_specification": [
              {
                "capacity_reservation_preference": "open",
                "capacity_reservation_target": []
              }
            ],
            "cpu_options": [
              {
                "amd_sev_snp": "",
                "core_count": 1,
                "nested_virtualization": "",
                "threads_per_core": 2
              }
            ],
            "credit_specification": [
              {
                "cpu_credits": "unlimited"
              }
            ],
            "disable_api_stop": false,
            "disable_api_termination": false,
            "ebs_block_device": [],
            "ebs_optimized": false,
            "enable_primary_ipv6": null,
            "enclave_options": [
              {
                "enabled": false
              }
            ],
            "ephemeral_block_device": [],
            "force_destroy": false,
            "get_password_data": false,
            "hibernation": false,
            "host_id": "",
            "host_resource_group_arn": null,
            "iam_instance_profile": "ec2_instance_profile-nombredelrolacrearalejandroram",
            "id": "i-0ce640c8d92aa94a2",
            "instance_initiated_shutdown_behavior": "stop",
            "instance_lifecycle": "",
            "instance_market_options": [],
            "instance_state": "running",
            "instance_type": "t3.micro",
            "ipv6_address_count": 0,
            "ipv6_addresses": [],
            "key_name": "alejonombrekeypair",
            "launch_template": [],
            "maintenance_options": [
              {
                "auto_recovery": "default"
              }
            ],
            "metadata_options": [
              {
                "http_endpoint": "enabled",
                "http_protocol_ipv6": "disabled",
                "http_put_response_hop_limit": 2,
                "http_tokens": "required",
                "instance_metadata_tags": "disabled"
              }
            ],
            "monitoring": false,
            "network_interface": [],
            "outpost_arn": "",
            "password_data": "",
            "placement_group": "",
            "placement_group_id": "",
            "placement_partition_number": 0,
            "primary_network_interface": [
              {
                "delete_on_termination": true,
                "network_interface_id": "eni-0316c88abe06b5b85"
              }
            ],
            "primary_network_interface_id": "eni-0316c88abe06b5b85",
            "private_dns": "ip-172-31-99-56.ec2.internal",
            "private_dns_name_options": [
              {
                "enable_resource_name_dns_a_record": false,
                "enable_resource_name_dns_aaaa_record": false,
                "hostname_type": "ip-name"
              }
            ],
            "private_ip": "172.31.99.56",
            "public_dns": "",
            "public_ip": "",
            "region": "us-east-1",
            "root_block_device": [
              {
                "delete_on_termination": true,
                "device_name": "/dev/xvda",
                "encrypted": false,
                "iops": 3000,
                "kms_key_id": "",
                "tags": null,
                "tags_all": {},
                "throughput": 125,
                "volume_id": "vol-0f9ca1dd99dbeb1ab",
                "volume_size": 80,
                "volume_type": "gp3"
              }
            ],
            "secondary_network_interface": [],
            "secondary_private_ips": [],
            "security_groups": [
              "ause1-sg-alejandroramirez-sgproyect"
            ],
            "source_dest_check": true,
            "spot_instance_request_id": "",
            "subnet_id": "subnet-09ac9f21d385834a8",
            "tags": {
              "Name": "ec2alejandrorami",
              "a-tag1": "tags",
              "tag1": "valor",
              "tag2": "valor2"
            },
            "tags_all": {
              "Name": "ec2alejandrorami",
              "a-tag1": "tags",
              "tag1": "valor",
              "tag2": "valor2"
            },
            "tenancy": "default",
            "timeouts": null,
            "user_data": null,
            "user_data_base64": null,
            "user_data_replace_on_change": false,
            "volume_tags": {
              "Name": "ec2alejandrorami",
              "a-tag1": "tags",
              "tag1": "valor",
              "tag2": "valor2"
            },
            "vpc_security_group_ids": [
              "sg-03b0c6b8f82f49aa5"
            ]
          },
          "sensitive_attributes": [],
          "identity_schema_version": 0,
          "identity": {
            "account_id": "654654478122",
            "id": "i-0ce640c8d92aa94a2",
            "region": "us-east-1"
          },
          "private": "eyJlMmJmYjczMC1lY2FhLTExZTYtOGY4OC0zNDM2M2JjN2M0YzAiOnsiY3JlYXRlIjo2MDAwMDAwMDAwMDAsImRlbGV0ZSI6MTIwMDAwMDAwMDAwMCwicmVhZCI6OTAwMDAwMDAwMDAwLCJ1cGRhdGUiOjYwMDAwMDAwMDAwMH0sInNjaGVtYV92ZXJzaW9uIjoiMiJ9",
          "dependencies": [
            "module.module_ec2_instances.aws_key_pair.this",
            "module.module_ec2_instances.tls_private_key.this",
            "module.module_iam_config.aws_iam_instance_profile.this",
            "module.module_iam_config.aws_iam_role.this",
            "module.module_security_group.aws_security_group.this"
          ]
        }
      ]
    },
    {
      "module": "module.module_ec2_instances",
      "mode": "managed",
      "type": "aws_key_pair",
      "name": "this",
      "provider": "provider[\"registry.terraform.io/hashicorp/aws\"]",
      "instances": [
        {
          "schema_version": 1,
          "attributes": {
            "arn": "arn:aws:ec2:us-east-1:654654478122:key-pair/alejonombrekeypair",
            "fingerprint": "ce:3b:af:ea:cf:63:63:ef:fd:0d:20:4f:91:be:35:96",
            "id": "alejonombrekeypair",
            "key_name": "alejonombrekeypair",
            "key_name_prefix": "",
            "key_pair_id": "key-0ec38debac4e40892",
            "key_type": "rsa",
            "public_key": "ssh-rsa AAAAB3NzaC1yc2EAAAADAQABAAABAQDil0S5jjcz8Nq04ZBFlxRmzG8um1z7u/NuOYrGIXCsN0LSsYuK6fYX+E++b+6pKmL8M18f0W6GNpS4rL+pMlP3T0FlaaAJsI33EzCNFG9Hz5kYs9068W+IHIDP2JY6+BGpBLWC4KMqHMhZs2553OTavQlygOiPgUNgm0DsCGQR+iDLsLjXQNPGhVmbZRhQvNAIuXs9+LElGJfF1l/nKqJNOBqDgPWg3YMF9M23hc124nIihfy2XqT6YA//18n/OjNBORgt7KrDfSOwtL6Dl7InrLG0gjX/b78wcO4kq2jkGhjxDXh8uH6ZiawfsZsRlaZwmlmxFyfik0dRs8EnQ+/F",
            "region": "us-east-1",
            "tags": null,
            "tags_all": {}
          },
          "sensitive_attributes": [],
          "identity_schema_version": 0,
          "private": "eyJzY2hlbWFfdmVyc2lvbiI6IjEifQ==",
          "dependencies": [
            "module.module_ec2_instances.tls_private_key.this"
          ]
        }
      ]
    },
    {
      "module": "module.module_ec2_instances",
      "mode": "managed",
      "type": "local_file",
      "name": "private_key",
      "provider": "provider[\"registry.terraform.io/hashicorp/local\"]",
      "instances": [
        {
          "schema_version": 0,
          "attributes": {
            "content": "-----BEGIN RSA PRIVATE KEY-----\nMIIEowIBAAKCAQEA4pdEuY43M/DatOGQRZcUZsxvLptc+7vzbjmKxiFwrDdC0rGL\niun2F/hPvm/uqSpi/DNfH9FuhjaUuKy/qTJT909BZWmgCbCN9xMwjRRvR8+ZGLPd\nOvFviByAz9iWOvgRqQS1guCjKhzIWbNuedzk2r0JcoDoj4FDYJtA7AhkEfogy7C4\n10DTxoVZm2UYULzQCLl7PfixJRiXxdZf5yqiTTgag4D1oN2DBfTNt4XNduJyIoX8\ntl6k+mAP/9fJ/zozQTkYLeyqw30jsLS+g5eyJ6yxtII1/2+/MHDuJKto5BoY8Q14\nfLh+mYmsH7GbEZWmcJpZsRcn4pNHUbPBJ0PvxQIDAQABAoIBAGgUYY315Cdoj50c\nKt+8OLPLXZqD5J8Awx0zMyo0/AMu0vPid51UQCTcewyXb4GmpZcApcYAtgrSEVgO\niW7XXjgv4HMLpGYvAdamqttysnbCxajSHWFQuxFDPmu6Ka9meP4w2osGUgwq8mA5\nihpRu5E52ZgN3ETmdCNwzM5eQFD8vS9W+TLXx5glHgkEq5BHUTFUETQLBPPTzZ6N\nJBrolHAthKGCsEVsSqutOwm6vnt6s483Aq+mqLxwXjXRWS98S+HEH3t4aF1P1av4\ndbBgvbNtruARI6EsqJNtRN8cR3hr21ei8HPL1vrndtB6Jenj7vY7MJ3bnIJhC46U\nn6pO4tUCgYEA9/eRHbvjbjzEdev8B0ZSRI+BPBPjTck4DSAvmO/nRCCVLbAbOc8w\nyz878OT56z+1V644V2EXjsR88F+EDhfsWCGY4dEfsyOtEXs96+Pz97Jy/Wn1Gkz3\n+bknTlPdU8s9z+hCMjgS7+MBuXfVxOMdzS1NRza9DENG+7gdQgPog28CgYEA6e5s\n52YorP++B80Vd0lOJ2zlH288vsvyWpzaCwYoFWo/z59QuvWMgN+zGWXSqWodSQpp\n2KzrGkzWx0z9hN/rHqveE+yZF+zkf4on3V/LnLEmmfS+jccHRbL4j3EkBTA8Trgs\nJPOBmphwjAC11A4epmpO6Q3LdNbXotjZPlZRVgsCgYAxCCwSxBdZsfxrEOm6Coaz\n9ehpF8mnlPVXaxjeVfnV99dnvF311WlhlzRkEvL0OJnEJ7gOVy2QVnwaD9kN7F8Y\nojQX2wE4rAJJ5aO95EpWnVutjmkf9T5Hi/wgueaW7iZf2R5Vzc64zpuFsBN+Jia7\nbozMWx+QsDD2D1cBucIdUwKBgHZR/gtchJ5cDEXt2Tmofjs6vPkVTmhCx6ZFR5Pj\n3UpXn0bokfC+Wf6lJvVlpxPBdGaJOdg6Pf/jdY8Axgn7J/UvgPga56ROUZSg0GEM\nHvR2NcwRGoCjdm4ug8Ipu8pUB2zZgpp9/8Ot7t8hTNag/ae2hYsjSxEhyZe4jskU\n57bZAoGBALzCuCbwQ8uS40JkAFfIcWVpg0tW6E6yEZ63e6Sl3Rgok6FZu/Y9jfTv\nI2QWR61QX7dl9AjWNsJ1JENOis/HxgjJzX5wIWhRTlW394RmFYPt8wK7zvUv2rW3\nBwlx6YPBnlHvFPYYcMJfEZOy13ufOskdSlAKr8MNfrhgRV+adIq0\n-----END RSA PRIVATE KEY-----\n",
            "content_base64": null,
            "content_base64sha256": "nE0TmIXhH1oKKrkh27zPbUZHX1OACYnrTtdzTaGAtwI=",
            "content_base64sha512": "GbgHkAswOh3cZ8WtnltCR0UbVtqra6ZEPrG9YPATpYHbZRkDkXrNletJPI96in0fi5syHt2V6PH+UlMHXkvU2w==",
            "content_md5": "f810e8225c332e0a04967f1dfd21b247",
            "content_sha1": "8c461eea491aea55b1d8c122fd82533ce893af79",
            "content_sha256": "9c4d139885e11f5a0a2ab921dbbccf6d46475f53800989eb4ed7734da180b702",
            "content_sha512": "19b807900b303a1ddc67c5ad9e5b4247451b56daab6ba6443eb1bd60f013a581db651903917acd95eb493c8f7a8a7d1f8b9b321edd95e8f1fe5253075e4bd4db",
            "directory_permission": "0777",
            "file_permission": "0777",
            "filename": "./alejonombrekeypair.pem",
            "id": "8c461eea491aea55b1d8c122fd82533ce893af79",
            "sensitive_content": null,
            "source": null
          },
          "sensitive_attributes": [
            [
              {
                "type": "get_attr",
                "value": "content"
              }
            ],
            [
              {
                "type": "get_attr",
                "value": "sensitive_content"
              }
            ]
          ],
          "identity_schema_version": 0,
          "dependencies": [
            "module.module_ec2_instances.tls_private_key.this"
          ]
        }
      ]
    },
    {
      "module": "module.module_ec2_instances",
      "mode": "managed",
      "type": "tls_private_key",
      "name": "this",
      "provider": "provider[\"registry.terraform.io/hashicorp/tls\"]",
      "instances": [
        {
          "schema_version": 1,
          "attributes": {
            "algorithm": "RSA",
            "ecdsa_curve": "P224",
            "id": "217cd3562401a069306fa7a569963567cedc0b43",
            "private_key_openssh": "-----BEGIN OPENSSH PRIVATE KEY-----\nb3BlbnNzaC1rZXktdjEAAAAABG5vbmUAAAAEbm9uZQAAAAAAAAABAAABFwAAAAdz\nc2gtcnNhAAAAAwEAAQAAAQEA4pdEuY43M/DatOGQRZcUZsxvLptc+7vzbjmKxiFw\nrDdC0rGLiun2F/hPvm/uqSpi/DNfH9FuhjaUuKy/qTJT909BZWmgCbCN9xMwjRRv\nR8+ZGLPdOvFviByAz9iWOvgRqQS1guCjKhzIWbNuedzk2r0JcoDoj4FDYJtA7Ahk\nEfogy7C410DTxoVZm2UYULzQCLl7PfixJRiXxdZf5yqiTTgag4D1oN2DBfTNt4XN\nduJyIoX8tl6k+mAP/9fJ/zozQTkYLeyqw30jsLS+g5eyJ6yxtII1/2+/MHDuJKto\n5BoY8Q14fLh+mYmsH7GbEZWmcJpZsRcn4pNHUbPBJ0PvxQAAA7hZFd5MWRXeTAAA\nAAdzc2gtcnNhAAABAQDil0S5jjcz8Nq04ZBFlxRmzG8um1z7u/NuOYrGIXCsN0LS\nsYuK6fYX+E++b+6pKmL8M18f0W6GNpS4rL+pMlP3T0FlaaAJsI33EzCNFG9Hz5kY\ns9068W+IHIDP2JY6+BGpBLWC4KMqHMhZs2553OTavQlygOiPgUNgm0DsCGQR+iDL\nsLjXQNPGhVmbZRhQvNAIuXs9+LElGJfF1l/nKqJNOBqDgPWg3YMF9M23hc124nIi\nhfy2XqT6YA//18n/OjNBORgt7KrDfSOwtL6Dl7InrLG0gjX/b78wcO4kq2jkGhjx\nDXh8uH6ZiawfsZsRlaZwmlmxFyfik0dRs8EnQ+/FAAAAAwEAAQAAAQBoFGGN9eQn\naI+dHCrfvDizy12ag+SfAMMdMzMqNPwDLtLz4nedVEAk3HsMl2+BpqWXAKXGALYK\n0hFYDolu1144L+BzC6RmLwHWpqrbcrJ2wsWo0h1hULsRQz5ruimvZnj+MNqLBlIM\nKvJgOYoaUbuROdmYDdxE5nQjcMzOXkBQ/L0vVvky18eYJR4JBKuQR1ExVBE0CwTz\n082ejSQa6JRwLYShgrBFbEqrrTsJur57erOPNwKvpqi8cF410VkvfEvhxB97eGhd\nT9Wr+HWwYL2zba7gESOhLKiTbUTfHEd4a9tXovBzy9b653bQeiXp4+72OzCd25yC\nYQuOlJ+qTuLVAAAAgQC8wrgm8EPLkuNCZABXyHFlaYNLVuhOshGet3ukpd0YKJOh\nWbv2PY307yNkFketUF+3ZfQI1jbCdSRDTorPx8YIyc1+cCFoUU5Vt/eEZhWD7fMC\nu871L9q1twcJcemDwZ5R7xT2GHDCXxGTstd7nzrJHUpQCq/DDX64YEVfmnSKtAAA\nAIEA9/eRHbvjbjzEdev8B0ZSRI+BPBPjTck4DSAvmO/nRCCVLbAbOc8wyz878OT5\n6z+1V644V2EXjsR88F+EDhfsWCGY4dEfsyOtEXs96+Pz97Jy/Wn1Gkz3+bknTlPd\nU8s9z+hCMjgS7+MBuXfVxOMdzS1NRza9DENG+7gdQgPog28AAACBAOnubOdmKKz/\nvgfNFXdJTids5R9vPL7L8lqc2gsGKBVqP8+fULr1jIDfsxll0qlqHUkKadis6xpM\n1sdM/YTf6x6r3hPsmRfs5H+KJ91fy5yxJpn0vo3HB0Wy+I9xJAUwPE64LCTzgZqY\ncIwAtdQOHqZqTukNy3TW16LY2T5WUVYLAAAAAAEC\n-----END OPENSSH PRIVATE KEY-----\n",
            "private_key_pem": "-----BEGIN RSA PRIVATE KEY-----\nMIIEowIBAAKCAQEA4pdEuY43M/DatOGQRZcUZsxvLptc+7vzbjmKxiFwrDdC0rGL\niun2F/hPvm/uqSpi/DNfH9FuhjaUuKy/qTJT909BZWmgCbCN9xMwjRRvR8+ZGLPd\nOvFviByAz9iWOvgRqQS1guCjKhzIWbNuedzk2r0JcoDoj4FDYJtA7AhkEfogy7C4\n10DTxoVZm2UYULzQCLl7PfixJRiXxdZf5yqiTTgag4D1oN2DBfTNt4XNduJyIoX8\ntl6k+mAP/9fJ/zozQTkYLeyqw30jsLS+g5eyJ6yxtII1/2+/MHDuJKto5BoY8Q14\nfLh+mYmsH7GbEZWmcJpZsRcn4pNHUbPBJ0PvxQIDAQABAoIBAGgUYY315Cdoj50c\nKt+8OLPLXZqD5J8Awx0zMyo0/AMu0vPid51UQCTcewyXb4GmpZcApcYAtgrSEVgO\niW7XXjgv4HMLpGYvAdamqttysnbCxajSHWFQuxFDPmu6Ka9meP4w2osGUgwq8mA5\nihpRu5E52ZgN3ETmdCNwzM5eQFD8vS9W+TLXx5glHgkEq5BHUTFUETQLBPPTzZ6N\nJBrolHAthKGCsEVsSqutOwm6vnt6s483Aq+mqLxwXjXRWS98S+HEH3t4aF1P1av4\ndbBgvbNtruARI6EsqJNtRN8cR3hr21ei8HPL1vrndtB6Jenj7vY7MJ3bnIJhC46U\nn6pO4tUCgYEA9/eRHbvjbjzEdev8B0ZSRI+BPBPjTck4DSAvmO/nRCCVLbAbOc8w\nyz878OT56z+1V644V2EXjsR88F+EDhfsWCGY4dEfsyOtEXs96+Pz97Jy/Wn1Gkz3\n+bknTlPdU8s9z+hCMjgS7+MBuXfVxOMdzS1NRza9DENG+7gdQgPog28CgYEA6e5s\n52YorP++B80Vd0lOJ2zlH288vsvyWpzaCwYoFWo/z59QuvWMgN+zGWXSqWodSQpp\n2KzrGkzWx0z9hN/rHqveE+yZF+zkf4on3V/LnLEmmfS+jccHRbL4j3EkBTA8Trgs\nJPOBmphwjAC11A4epmpO6Q3LdNbXotjZPlZRVgsCgYAxCCwSxBdZsfxrEOm6Coaz\n9ehpF8mnlPVXaxjeVfnV99dnvF311WlhlzRkEvL0OJnEJ7gOVy2QVnwaD9kN7F8Y\nojQX2wE4rAJJ5aO95EpWnVutjmkf9T5Hi/wgueaW7iZf2R5Vzc64zpuFsBN+Jia7\nbozMWx+QsDD2D1cBucIdUwKBgHZR/gtchJ5cDEXt2Tmofjs6vPkVTmhCx6ZFR5Pj\n3UpXn0bokfC+Wf6lJvVlpxPBdGaJOdg6Pf/jdY8Axgn7J/UvgPga56ROUZSg0GEM\nHvR2NcwRGoCjdm4ug8Ipu8pUB2zZgpp9/8Ot7t8hTNag/ae2hYsjSxEhyZe4jskU\n57bZAoGBALzCuCbwQ8uS40JkAFfIcWVpg0tW6E6yEZ63e6Sl3Rgok6FZu/Y9jfTv\nI2QWR61QX7dl9AjWNsJ1JENOis/HxgjJzX5wIWhRTlW394RmFYPt8wK7zvUv2rW3\nBwlx6YPBnlHvFPYYcMJfEZOy13ufOskdSlAKr8MNfrhgRV+adIq0\n-----END RSA PRIVATE KEY-----\n",
            "private_key_pem_pkcs8": "-----BEGIN PRIVATE KEY-----\nMIIEvQIBADANBgkqhkiG9w0BAQEFAASCBKcwggSjAgEAAoIBAQDil0S5jjcz8Nq0\n4ZBFlxRmzG8um1z7u/NuOYrGIXCsN0LSsYuK6fYX+E++b+6pKmL8M18f0W6GNpS4\nrL+pMlP3T0FlaaAJsI33EzCNFG9Hz5kYs9068W+IHIDP2JY6+BGpBLWC4KMqHMhZ\ns2553OTavQlygOiPgUNgm0DsCGQR+iDLsLjXQNPGhVmbZRhQvNAIuXs9+LElGJfF\n1l/nKqJNOBqDgPWg3YMF9M23hc124nIihfy2XqT6YA//18n/OjNBORgt7KrDfSOw\ntL6Dl7InrLG0gjX/b78wcO4kq2jkGhjxDXh8uH6ZiawfsZsRlaZwmlmxFyfik0dR\ns8EnQ+/FAgMBAAECggEAaBRhjfXkJ2iPnRwq37w4s8tdmoPknwDDHTMzKjT8Ay7S\n8+J3nVRAJNx7DJdvgaallwClxgC2CtIRWA6JbtdeOC/gcwukZi8B1qaq23KydsLF\nqNIdYVC7EUM+a7opr2Z4/jDaiwZSDCryYDmKGlG7kTnZmA3cROZ0I3DMzl5AUPy9\nL1b5MtfHmCUeCQSrkEdRMVQRNAsE89PNno0kGuiUcC2EoYKwRWxKq607Cbq+e3qz\njzcCr6aovHBeNdFZL3xL4cQfe3hoXU/Vq/h1sGC9s22u4BEjoSyok21E3xxHeGvb\nV6Lwc8vW+ud20Hol6ePu9jswnducgmELjpSfqk7i1QKBgQD395Edu+NuPMR16/wH\nRlJEj4E8E+NNyTgNIC+Y7+dEIJUtsBs5zzDLPzvw5PnrP7VXrjhXYReOxHzwX4QO\nF+xYIZjh0R+zI60Rez3r4/P3snL9afUaTPf5uSdOU91Tyz3P6EIyOBLv4wG5d9XE\n4x3NLU1HNr0MQ0b7uB1CA+iDbwKBgQDp7mznZiis/74HzRV3SU4nbOUfbzy+y/Ja\nnNoLBigVaj/Pn1C69YyA37MZZdKpah1JCmnYrOsaTNbHTP2E3+seq94T7JkX7OR/\niifdX8ucsSaZ9L6NxwdFsviPcSQFMDxOuCwk84GamHCMALXUDh6mak7pDct01tei\n2Nk+VlFWCwKBgDEILBLEF1mx/GsQ6boKhrP16GkXyaeU9VdrGN5V+dX312e8XfXV\naWGXNGQS8vQ4mcQnuA5XLZBWfBoP2Q3sXxiiNBfbATisAknlo73kSladW62OaR/1\nPkeL/CC55pbuJl/ZHlXNzrjOm4WwE34mJrtujMxbH5CwMPYPVwG5wh1TAoGAdlH+\nC1yEnlwMRe3ZOah+Ozq8+RVOaELHpkVHk+PdSlefRuiR8L5Z/qUm9WWnE8F0Zok5\n2Do9/+N1jwDGCfsn9S+A+BrnpE5RlKDQYQwe9HY1zBEagKN2bi6Dwim7ylQHbNmC\nmn3/w63u3yFM1qD9p7aFiyNLESHJl7iOyRTnttkCgYEAvMK4JvBDy5LjQmQAV8hx\nZWmDS1boTrIRnrd7pKXdGCiToVm79j2N9O8jZBZHrVBft2X0CNY2wnUkQ06Kz8fG\nCMnNfnAhaFFOVbf3hGYVg+3zArvO9S/atbcHCXHpg8GeUe8U9hhwwl8Rk7LXe586\nyR1KUAqvww1+uGBFX5p0irQ=\n-----END PRIVATE KEY-----\n",
            "public_key_fingerprint_md5": "b5:35:6f:02:58:0c:45:f8:8f:e8:16:1f:f9:30:6c:a9",
            "public_key_fingerprint_sha256": "SHA256:sAz1RDaZpym7K8rdle83iA6pHWRudUs/Rmg6NUUSQ5o",
            "public_key_openssh": "ssh-rsa AAAAB3NzaC1yc2EAAAADAQABAAABAQDil0S5jjcz8Nq04ZBFlxRmzG8um1z7u/NuOYrGIXCsN0LSsYuK6fYX+E++b+6pKmL8M18f0W6GNpS4rL+pMlP3T0FlaaAJsI33EzCNFG9Hz5kYs9068W+IHIDP2JY6+BGpBLWC4KMqHMhZs2553OTavQlygOiPgUNgm0DsCGQR+iDLsLjXQNPGhVmbZRhQvNAIuXs9+LElGJfF1l/nKqJNOBqDgPWg3YMF9M23hc124nIihfy2XqT6YA//18n/OjNBORgt7KrDfSOwtL6Dl7InrLG0gjX/b78wcO4kq2jkGhjxDXh8uH6ZiawfsZsRlaZwmlmxFyfik0dRs8EnQ+/F\n",
            "public_key_pem": "-----BEGIN PUBLIC KEY-----\nMIIBIjANBgkqhkiG9w0BAQEFAAOCAQ8AMIIBCgKCAQEA4pdEuY43M/DatOGQRZcU\nZsxvLptc+7vzbjmKxiFwrDdC0rGLiun2F/hPvm/uqSpi/DNfH9FuhjaUuKy/qTJT\n909BZWmgCbCN9xMwjRRvR8+ZGLPdOvFviByAz9iWOvgRqQS1guCjKhzIWbNuedzk\n2r0JcoDoj4FDYJtA7AhkEfogy7C410DTxoVZm2UYULzQCLl7PfixJRiXxdZf5yqi\nTTgag4D1oN2DBfTNt4XNduJyIoX8tl6k+mAP/9fJ/zozQTkYLeyqw30jsLS+g5ey\nJ6yxtII1/2+/MHDuJKto5BoY8Q14fLh+mYmsH7GbEZWmcJpZsRcn4pNHUbPBJ0Pv\nxQIDAQAB\n-----END PUBLIC KEY-----\n",
            "rsa_bits": 2048
          },
          "sensitive_attributes": [
            [
              {
                "type": "get_attr",
                "value": "private_key_openssh"
              }
            ],
            [
              {
                "type": "get_attr",
                "value": "private_key_pem"
              }
            ],
            [
              {
                "type": "get_attr",
                "value": "private_key_pem_pkcs8"
              }
            ]
          ],
          "identity_schema_version": 0
        }
      ]
    },
    {
      "module": "module.module_iam_config",
      "mode": "managed",
      "type": "aws_iam_instance_profile",
      "name": "this",
      "provider": "provider[\"registry.terraform.io/hashicorp/aws\"]",
      "instances": [
        {
          "index_key": "instance_1",
          "schema_version": 0,
          "attributes": {
            "arn": "arn:aws:iam::654654478122:instance-profile/ec2_instance_profile-nombredelrolacrearalejandroram",
            "create_date": "2026-04-25T01:41:45Z",
            "id": "ec2_instance_profile-nombredelrolacrearalejandroram",
            "name": "ec2_instance_profile-nombredelrolacrearalejandroram",
            "name_prefix": "",
            "path": "/",
            "role": "nombredelrolacrearalejandroram",
            "tags": null,
            "tags_all": {},
            "unique_id": "AIPAZQ3DSS4VFSGK2DKQZ"
          },
          "sensitive_attributes": [],
          "identity_schema_version": 0,
          "identity": {
            "account_id": "654654478122",
            "name": "ec2_instance_profile-nombredelrolacrearalejandroram"
          },
          "private": "bnVsbA==",
          "dependencies": [
            "module.module_iam_config.aws_iam_role.this"
          ]
        }
      ]
    },
    {
      "module": "module.module_iam_config",
      "mode": "managed",
      "type": "aws_iam_role",
      "name": "this",
      "provider": "provider[\"registry.terraform.io/hashicorp/aws\"]",
      "instances": [
        {
          "index_key": "instance_1",
          "schema_version": 0,
          "attributes": {
            "arn": "arn:aws:iam::654654478122:role/nombredelrolacrearalejandroram",
            "assume_role_policy": "{\"Statement\":[{\"Action\":\"sts:AssumeRole\",\"Effect\":\"Allow\",\"Principal\":{\"Service\":\"ec2.amazonaws.com\"}}],\"Version\":\"2012-10-17\"}",
            "create_date": "2026-04-25T01:41:45Z",
            "description": "",
            "force_detach_policies": false,
            "id": "nombredelrolacrearalejandroram",
            "inline_policy": [],
            "managed_policy_arns": [],
            "max_session_duration": 3600,
            "name": "nombredelrolacrearalejandroram",
            "name_prefix": "",
            "path": "/",
            "permissions_boundary": "",
            "tags": null,
            "tags_all": {},
            "unique_id": "AROAZQ3DSS4VO6GGQMY5G"
          },
          "sensitive_attributes": [],
          "identity_schema_version": 0,
          "identity": {
            "account_id": "654654478122",
            "name": "nombredelrolacrearalejandroram"
          },
          "private": "bnVsbA=="
        }
      ]
    },
    {
      "module": "module.module_iam_config",
      "mode": "managed",
      "type": "aws_iam_role_policy_attachment",
      "name": "instance_policies",
      "provider": "provider[\"registry.terraform.io/hashicorp/aws\"]",
      "instances": [
        {
          "index_key": "instance_1",
          "schema_version": 0,
          "attributes": {
            "id": "nombredelrolacrearalejandroram/arn:aws:iam::aws:policy/AmazonSSMManagedInstanceCore",
            "policy_arn": "arn:aws:iam::aws:policy/AmazonSSMManagedInstanceCore",
            "role": "nombredelrolacrearalejandroram"
          },
          "sensitive_attributes": [],
          "identity_schema_version": 0,
          "identity": {
            "account_id": "654654478122",
            "policy_arn": "arn:aws:iam::aws:policy/AmazonSSMManagedInstanceCore",
            "role": "nombredelrolacrearalejandroram"
          },
          "private": "bnVsbA==",
          "dependencies": [
            "module.module_iam_config.aws_iam_role.this"
          ]
        }
      ]
    },
    {
      "module": "module.module_iam_config",
      "mode": "managed",
      "type": "aws_iam_role_policy_attachment",
      "name": "instance_policies2",
      "provider": "provider[\"registry.terraform.io/hashicorp/aws\"]",
      "instances": [
        {
          "index_key": "instance_1",
          "schema_version": 0,
          "attributes": {
            "id": "nombredelrolacrearalejandroram/arn:aws:iam::aws:policy/CloudWatchAgentServerPolicy",
            "policy_arn": "arn:aws:iam::aws:policy/CloudWatchAgentServerPolicy",
            "role": "nombredelrolacrearalejandroram"
          },
          "sensitive_attributes": [],
          "identity_schema_version": 0,
          "identity": {
            "account_id": "654654478122",
            "policy_arn": "arn:aws:iam::aws:policy/CloudWatchAgentServerPolicy",
            "role": "nombredelrolacrearalejandroram"
          },
          "private": "bnVsbA==",
          "dependencies": [
            "module.module_iam_config.aws_iam_role.this"
          ]
        }
      ]
    },
    {
      "module": "module.module_security_group",
      "mode": "managed",
      "type": "aws_security_group",
      "name": "this",
      "provider": "provider[\"registry.terraform.io/hashicorp/aws\"]",
      "instances": [
        {
          "index_key": "instance_1",
          "schema_version": 1,
          "attributes": {
            "arn": "arn:aws:ec2:us-east-1:654654478122:security-group/sg-03b0c6b8f82f49aa5",
            "description": "Managed by Terraform",
            "egress": [
              {
                "cidr_blocks": [
                  "0.0.0.0/0"
                ],
                "description": "",
                "from_port": 0,
                "ipv6_cidr_blocks": [],
                "prefix_list_ids": [],
                "protocol": "-1",
                "security_groups": [],
                "self": false,
                "to_port": 0
              }
            ],
            "id": "sg-03b0c6b8f82f49aa5",
            "ingress": [
              {
                "cidr_blocks": [
                  "10.0.0.0/8"
                ],
                "description": "",
                "from_port": 3389,
                "ipv6_cidr_blocks": [],
                "prefix_list_ids": [],
                "protocol": "tcp",
                "security_groups": [],
                "self": false,
                "to_port": 3389
              },
              {
                "cidr_blocks": [
                  "10.215.3.51/32"
                ],
                "description": "",
                "from_port": 0,
                "ipv6_cidr_blocks": [],
                "prefix_list_ids": [],
                "protocol": "tcp",
                "security_groups": [],
                "self": false,
                "to_port": 65535
              }
            ],
            "name": "ause1-sg-alejandroramirez-sgproyect",
            "name_prefix": "",
            "owner_id": "654654478122",
            "region": "us-east-1",
            "revoke_rules_on_delete": false,
            "tags": {
              "Name": "ause1-sg-alejandroramirez-Laboratorio_terraform-ec2",
              "tag1": "valor",
              "tag2": "valor2"
            },
            "tags_all": {
              "Name": "ause1-sg-alejandroramirez-Laboratorio_terraform-ec2",
              "tag1": "valor",
              "tag2": "valor2"
            },
            "timeouts": null,
            "vpc_id": "vpc-00f479057476a2db8"
          },
          "sensitive_attributes": [],
          "identity_schema_version": 0,
          "identity": {
            "account_id": "654654478122",
            "id": "sg-03b0c6b8f82f49aa5",
            "region": "us-east-1"
          },
          "private": "eyJlMmJmYjczMC1lY2FhLTExZTYtOGY4OC0zNDM2M2JjN2M0YzAiOnsiY3JlYXRlIjo2MDAwMDAwMDAwMDAsImRlbGV0ZSI6OTAwMDAwMDAwMDAwfSwic2NoZW1hX3ZlcnNpb24iOiIxIn0="
        }
      ]
    }
  ],
  "check_results": null
}
